// !$*UTF8*$!
{
	archiveVersion = 1;
	classes = {
	};
	objectVersion = 56;
	objects = {

/* Begin PBXBuildFile section */
		A00000000000000000000201 /* MonMonApp.swift in Sources */ = {isa = PBXBuildFile; fileRef = A00000000000000000000110 /* MonMonApp.swift */; };
		A00000000000000000000203 /* ContentView.swift in Sources */ = {isa = PBXBuildFile; fileRef = A00000000000000000000112 /* ContentView.swift */; };
		A00000000000000000000204 /* Assets.xcassets in Resources */ = {isa = PBXBuildFile; fileRef = A00000000000000000000113 /* Assets.xcassets */; };
		A00000000000000000000206 /* CashAccountPersistenceTests.swift in Sources */ = {isa = PBXBuildFile; fileRef = A00000000000000000000115 /* CashAccountPersistenceTests.swift */; };
		A00000000000000000000207 /* CashAccountKind.swift in Sources */ = {isa = PBXBuildFile; fileRef = A00000000000000000000116 /* CashAccountKind.swift */; };
		A00000000000000000000208 /* CashAccount.swift in Sources */ = {isa = PBXBuildFile; fileRef = A00000000000000000000117 /* CashAccount.swift */; };
		A00000000000000000000209 /* AccountDraftTests.swift in Sources */ = {isa = PBXBuildFile; fileRef = A00000000000000000000118 /* AccountDraftTests.swift */; };
		A00000000000000000000210 /* AccountDraft.swift in Sources */ = {isa = PBXBuildFile; fileRef = A00000000000000000000119 /* AccountDraft.swift */; };
		A00000000000000000000211 /* VNDCurrency.swift in Sources */ = {isa = PBXBuildFile; fileRef = A00000000000000000000122 /* VNDCurrency.swift */; };
		A00000000000000000000212 /* CashBalanceSummaryTests.swift in Sources */ = {isa = PBXBuildFile; fileRef = A00000000000000000000123 /* CashBalanceSummaryTests.swift */; };
		A00000000000000000000213 /* CashBalanceSummary.swift in Sources */ = {isa = PBXBuildFile; fileRef = A00000000000000000000124 /* CashBalanceSummary.swift */; };
		A00000000000000000000214 /* AccountListView.swift in Sources */ = {isa = PBXBuildFile; fileRef = A00000000000000000000125 /* AccountListView.swift */; };
		A00000000000000000000215 /* AccountEditorView.swift in Sources */ = {isa = PBXBuildFile; fileRef = A00000000000000000000126 /* AccountEditorView.swift */; };
		A00000000000000000000216 /* MonMonTheme.swift in Sources */ = {isa = PBXBuildFile; fileRef = A00000000000000000000127 /* MonMonTheme.swift */; };
		A00000000000000000000217 /* CashAccountCard.swift in Sources */ = {isa = PBXBuildFile; fileRef = A00000000000000000000128 /* CashAccountCard.swift */; };
		A00000000000000000000218 /* AccountEditorForm.swift in Sources */ = {isa = PBXBuildFile; fileRef = A00000000000000000000129 /* AccountEditorForm.swift */; };
		A00000000000000000000219 /* SavingsDeposit.swift in Sources */ = {isa = PBXBuildFile; fileRef = A00000000000000000000130 /* SavingsDeposit.swift */; };
		A00000000000000000000220 /* SavingsInterest.swift in Sources */ = {isa = PBXBuildFile; fileRef = A00000000000000000000131 /* SavingsInterest.swift */; };
		A00000000000000000000221 /* PercentInput.swift in Sources */ = {isa = PBXBuildFile; fileRef = A00000000000000000000132 /* PercentInput.swift */; };
		A00000000000000000000222 /* SavingsDraft.swift in Sources */ = {isa = PBXBuildFile; fileRef = A00000000000000000000133 /* SavingsDraft.swift */; };
		A00000000000000000000223 /* AssetSummary.swift in Sources */ = {isa = PBXBuildFile; fileRef = A00000000000000000000134 /* AssetSummary.swift */; };
		A00000000000000000000224 /* SavingsListView.swift in Sources */ = {isa = PBXBuildFile; fileRef = A00000000000000000000135 /* SavingsListView.swift */; };
		A00000000000000000000225 /* SavingsDepositCard.swift in Sources */ = {isa = PBXBuildFile; fileRef = A00000000000000000000136 /* SavingsDepositCard.swift */; };
		A00000000000000000000226 /* SavingsEditorView.swift in Sources */ = {isa = PBXBuildFile; fileRef = A00000000000000000000137 /* SavingsEditorView.swift */; };
		A00000000000000000000227 /* SavingsEditorForm.swift in Sources */ = {isa = PBXBuildFile; fileRef = A00000000000000000000138 /* SavingsEditorForm.swift */; };
		A00000000000000000000228 /* RootTabView.swift in Sources */ = {isa = PBXBuildFile; fileRef = A00000000000000000000139 /* RootTabView.swift */; };
		A00000000000000000000229 /* SavingsInterestTests.swift in Sources */ = {isa = PBXBuildFile; fileRef = A00000000000000000000140 /* SavingsInterestTests.swift */; };
		A00000000000000000000230 /* PercentInputTests.swift in Sources */ = {isa = PBXBuildFile; fileRef = A00000000000000000000141 /* PercentInputTests.swift */; };
		A00000000000000000000231 /* SavingsDraftTests.swift in Sources */ = {isa = PBXBuildFile; fileRef = A00000000000000000000142 /* SavingsDraftTests.swift */; };
		A00000000000000000000232 /* AssetSummaryTests.swift in Sources */ = {isa = PBXBuildFile; fileRef = A00000000000000000000143 /* AssetSummaryTests.swift */; };
		A00000000000000000000233 /* SavingsDepositPersistenceTests.swift in Sources */ = {isa = PBXBuildFile; fileRef = A00000000000000000000144 /* SavingsDepositPersistenceTests.swift */; };
		A00000000000000000000234 /* FundHoldingKind.swift in Sources */ = {isa = PBXBuildFile; fileRef = A00000000000000000000145 /* FundHoldingKind.swift */; };
		A00000000000000000000235 /* FundHolding.swift in Sources */ = {isa = PBXBuildFile; fileRef = A00000000000000000000146 /* FundHolding.swift */; };
		A00000000000000000000236 /* FundValuation.swift in Sources */ = {isa = PBXBuildFile; fileRef = A00000000000000000000147 /* FundValuation.swift */; };
		A00000000000000000000237 /* UnitQuantity.swift in Sources */ = {isa = PBXBuildFile; fileRef = A00000000000000000000148 /* UnitQuantity.swift */; };
		A00000000000000000000238 /* FundDraft.swift in Sources */ = {isa = PBXBuildFile; fileRef = A00000000000000000000149 /* FundDraft.swift */; };
		A00000000000000000000239 /* FundSummary.swift in Sources */ = {isa = PBXBuildFile; fileRef = A00000000000000000000150 /* FundSummary.swift */; };
		A00000000000000000000240 /* FundListView.swift in Sources */ = {isa = PBXBuildFile; fileRef = A00000000000000000000151 /* FundListView.swift */; };
		A00000000000000000000241 /* FundHoldingCard.swift in Sources */ = {isa = PBXBuildFile; fileRef = A00000000000000000000152 /* FundHoldingCard.swift */; };
		A00000000000000000000242 /* FundEditorView.swift in Sources */ = {isa = PBXBuildFile; fileRef = A00000000000000000000153 /* FundEditorView.swift */; };
		A00000000000000000000243 /* FundEditorForm.swift in Sources */ = {isa = PBXBuildFile; fileRef = A00000000000000000000154 /* FundEditorForm.swift */; };
		A00000000000000000000244 /* UnitQuantityTests.swift in Sources */ = {isa = PBXBuildFile; fileRef = A00000000000000000000155 /* UnitQuantityTests.swift */; };
		A00000000000000000000245 /* FundValuationTests.swift in Sources */ = {isa = PBXBuildFile; fileRef = A00000000000000000000156 /* FundValuationTests.swift */; };
		A00000000000000000000246 /* FundDraftTests.swift in Sources */ = {isa = PBXBuildFile; fileRef = A00000000000000000000157 /* FundDraftTests.swift */; };
		A00000000000000000000247 /* FundSummaryTests.swift in Sources */ = {isa = PBXBuildFile; fileRef = A00000000000000000000158 /* FundSummaryTests.swift */; };
		A00000000000000000000248 /* FundHoldingPersistenceTests.swift in Sources */ = {isa = PBXBuildFile; fileRef = A00000000000000000000159 /* FundHoldingPersistenceTests.swift */; };
		A00000000000000000000249 /* TransactionKind.swift in Sources */ = {isa = PBXBuildFile; fileRef = A00000000000000000000160 /* TransactionKind.swift */; };
		A00000000000000000000250 /* TransactionCategory.swift in Sources */ = {isa = PBXBuildFile; fileRef = A00000000000000000000161 /* TransactionCategory.swift */; };
		A00000000000000000000251 /* MoneyTransaction.swift in Sources */ = {isa = PBXBuildFile; fileRef = A00000000000000000000162 /* MoneyTransaction.swift */; };
		A00000000000000000000252 /* CategoryPalette.swift in Sources */ = {isa = PBXBuildFile; fileRef = A00000000000000000000163 /* CategoryPalette.swift */; };
		A00000000000000000000253 /* TransactionPeriod.swift in Sources */ = {isa = PBXBuildFile; fileRef = A00000000000000000000164 /* TransactionPeriod.swift */; };
		A00000000000000000000254 /* TransactionSummary.swift in Sources */ = {isa = PBXBuildFile; fileRef = A00000000000000000000165 /* TransactionSummary.swift */; };
		A00000000000000000000255 /* TransactionPeriodTests.swift in Sources */ = {isa = PBXBuildFile; fileRef = A00000000000000000000166 /* TransactionPeriodTests.swift */; };
		A00000000000000000000256 /* TransactionSummaryTests.swift in Sources */ = {isa = PBXBuildFile; fileRef = A00000000000000000000167 /* TransactionSummaryTests.swift */; };
		A00000000000000000000257 /* CategoryDraft.swift in Sources */ = {isa = PBXBuildFile; fileRef = A00000000000000000000168 /* CategoryDraft.swift */; };
		A00000000000000000000258 /* CategorySeed.swift in Sources */ = {isa = PBXBuildFile; fileRef = A00000000000000000000169 /* CategorySeed.swift */; };
		A00000000000000000000259 /* CategoryEditorForm.swift in Sources */ = {isa = PBXBuildFile; fileRef = A00000000000000000000170 /* CategoryEditorForm.swift */; };
		A00000000000000000000260 /* CategoryReassignView.swift in Sources */ = {isa = PBXBuildFile; fileRef = A00000000000000000000171 /* CategoryReassignView.swift */; };
		A00000000000000000000261 /* CategoryEditorView.swift in Sources */ = {isa = PBXBuildFile; fileRef = A00000000000000000000172 /* CategoryEditorView.swift */; };
		A00000000000000000000262 /* CategoryListView.swift in Sources */ = {isa = PBXBuildFile; fileRef = A00000000000000000000173 /* CategoryListView.swift */; };
		A00000000000000000000263 /* CategoryDraftTests.swift in Sources */ = {isa = PBXBuildFile; fileRef = A00000000000000000000174 /* CategoryDraftTests.swift */; };
		A00000000000000000000264 /* TransactionCategoryPersistenceTests.swift in Sources */ = {isa = PBXBuildFile; fileRef = A00000000000000000000175 /* TransactionCategoryPersistenceTests.swift */; };
		A00000000000000000000265 /* TransactionDraft.swift in Sources */ = {isa = PBXBuildFile; fileRef = A00000000000000000000176 /* TransactionDraft.swift */; };
		A00000000000000000000266 /* TransactionEditorForm.swift in Sources */ = {isa = PBXBuildFile; fileRef = A00000000000000000000177 /* TransactionEditorForm.swift */; };
		A00000000000000000000267 /* TransactionEditorView.swift in Sources */ = {isa = PBXBuildFile; fileRef = A00000000000000000000178 /* TransactionEditorView.swift */; };
		A00000000000000000000268 /* TransactionCard.swift in Sources */ = {isa = PBXBuildFile; fileRef = A00000000000000000000179 /* TransactionCard.swift */; };
		A00000000000000000000269 /* TransactionListView.swift in Sources */ = {isa = PBXBuildFile; fileRef = A00000000000000000000180 /* TransactionListView.swift */; };
		A00000000000000000000270 /* TransactionDraftTests.swift in Sources */ = {isa = PBXBuildFile; fileRef = A00000000000000000000181 /* TransactionDraftTests.swift */; };
		A00000000000000000000271 /* MoneyTransactionPersistenceTests.swift in Sources */ = {isa = PBXBuildFile; fileRef = A00000000000000000000182 /* MoneyTransactionPersistenceTests.swift */; };
		A00000000000000000000272 /* AssetAllocation.swift in Sources */ = {isa = PBXBuildFile; fileRef = A00000000000000000000183 /* AssetAllocation.swift */; };
		A00000000000000000000273 /* AssetAllocationCard.swift in Sources */ = {isa = PBXBuildFile; fileRef = A00000000000000000000184 /* AssetAllocationCard.swift */; };
		A00000000000000000000274 /* AssetAllocationTests.swift in Sources */ = {isa = PBXBuildFile; fileRef = A00000000000000000000185 /* AssetAllocationTests.swift */; };
		A00000000000000000000275 /* DateField.swift in Sources */ = {isa = PBXBuildFile; fileRef = A00000000000000000000186 /* DateField.swift */; };
		A00000000000000000000276 /* AppTheme.swift in Sources */ = {isa = PBXBuildFile; fileRef = A00000000000000000000187 /* AppTheme.swift */; };
		A00000000000000000000277 /* AppLock.swift in Sources */ = {isa = PBXBuildFile; fileRef = A00000000000000000000188 /* AppLock.swift */; };
		A00000000000000000000278 /* LockScreenView.swift in Sources */ = {isa = PBXBuildFile; fileRef = A00000000000000000000189 /* LockScreenView.swift */; };
		A00000000000000000000279 /* SettingsView.swift in Sources */ = {isa = PBXBuildFile; fileRef = A00000000000000000000190 /* SettingsView.swift */; };
		A00000000000000000000280 /* AppLockTests.swift in Sources */ = {isa = PBXBuildFile; fileRef = A00000000000000000000191 /* AppLockTests.swift */; };
		A00000000000000000000281 /* FloatingAddButton.swift in Sources */ = {isa = PBXBuildFile; fileRef = A00000000000000000000192 /* FloatingAddButton.swift */; };
/* End PBXBuildFile section */

/* Begin PBXContainerItemProxy section */
		A00000000000000000000602 /* PBXContainerItemProxy */ = {
			isa = PBXContainerItemProxy;
			containerPortal = A00000000000000000000003 /* Project object */;
			proxyType = 1;
			remoteGlobalIDString = A00000000000000000000001;
			remoteInfo = MonMon;
		};
/* End PBXContainerItemProxy section */

/* Begin PBXFileReference section */
		A00000000000000000000101 /* Base.xcconfig */ = {isa = PBXFileReference; lastKnownFileType = text.xcconfig; path = Base.xcconfig; sourceTree = "<group>"; };
		A00000000000000000000102 /* Debug.xcconfig */ = {isa = PBXFileReference; lastKnownFileType = text.xcconfig; path = Debug.xcconfig; sourceTree = "<group>"; };
		A00000000000000000000103 /* Release.xcconfig */ = {isa = PBXFileReference; lastKnownFileType = text.xcconfig; path = Release.xcconfig; sourceTree = "<group>"; };
		A00000000000000000000110 /* MonMonApp.swift */ = {isa = PBXFileReference; lastKnownFileType = sourcecode.swift; path = MonMonApp.swift; sourceTree = "<group>"; };
		A00000000000000000000112 /* ContentView.swift */ = {isa = PBXFileReference; lastKnownFileType = sourcecode.swift; path = ContentView.swift; sourceTree = "<group>"; };
		A00000000000000000000113 /* Assets.xcassets */ = {isa = PBXFileReference; lastKnownFileType = folder.assetcatalog; path = Assets.xcassets; sourceTree = "<group>"; };
		A00000000000000000000115 /* CashAccountPersistenceTests.swift */ = {isa = PBXFileReference; lastKnownFileType = sourcecode.swift; path = CashAccountPersistenceTests.swift; sourceTree = "<group>"; };
		A00000000000000000000116 /* CashAccountKind.swift */ = {isa = PBXFileReference; lastKnownFileType = sourcecode.swift; path = CashAccountKind.swift; sourceTree = "<group>"; };
		A00000000000000000000117 /* CashAccount.swift */ = {isa = PBXFileReference; lastKnownFileType = sourcecode.swift; path = CashAccount.swift; sourceTree = "<group>"; };
		A00000000000000000000118 /* AccountDraftTests.swift */ = {isa = PBXFileReference; lastKnownFileType = sourcecode.swift; path = AccountDraftTests.swift; sourceTree = "<group>"; };
		A00000000000000000000119 /* AccountDraft.swift */ = {isa = PBXFileReference; lastKnownFileType = sourcecode.swift; path = AccountDraft.swift; sourceTree = "<group>"; };
		A00000000000000000000122 /* VNDCurrency.swift */ = {isa = PBXFileReference; lastKnownFileType = sourcecode.swift; path = VNDCurrency.swift; sourceTree = "<group>"; };
		A00000000000000000000123 /* CashBalanceSummaryTests.swift */ = {isa = PBXFileReference; lastKnownFileType = sourcecode.swift; path = CashBalanceSummaryTests.swift; sourceTree = "<group>"; };
		A00000000000000000000124 /* CashBalanceSummary.swift */ = {isa = PBXFileReference; lastKnownFileType = sourcecode.swift; path = CashBalanceSummary.swift; sourceTree = "<group>"; };
		A00000000000000000000125 /* AccountListView.swift */ = {isa = PBXFileReference; lastKnownFileType = sourcecode.swift; path = AccountListView.swift; sourceTree = "<group>"; };
		A00000000000000000000126 /* AccountEditorView.swift */ = {isa = PBXFileReference; lastKnownFileType = sourcecode.swift; path = AccountEditorView.swift; sourceTree = "<group>"; };
		A00000000000000000000127 /* MonMonTheme.swift */ = {isa = PBXFileReference; lastKnownFileType = sourcecode.swift; path = MonMonTheme.swift; sourceTree = "<group>"; };
		A00000000000000000000128 /* CashAccountCard.swift */ = {isa = PBXFileReference; lastKnownFileType = sourcecode.swift; path = CashAccountCard.swift; sourceTree = "<group>"; };
		A00000000000000000000129 /* AccountEditorForm.swift */ = {isa = PBXFileReference; lastKnownFileType = sourcecode.swift; path = AccountEditorForm.swift; sourceTree = "<group>"; };
		A00000000000000000000120 /* MonMon.app */ = {isa = PBXFileReference; explicitFileType = wrapper.application; includeInIndex = 0; path = MonMon.app; sourceTree = BUILT_PRODUCTS_DIR; };
		A00000000000000000000121 /* MonMonTests.xctest */ = {isa = PBXFileReference; explicitFileType = wrapper.cfbundle; includeInIndex = 0; path = MonMonTests.xctest; sourceTree = BUILT_PRODUCTS_DIR; };
		A00000000000000000000130 /* SavingsDeposit.swift */ = {isa = PBXFileReference; lastKnownFileType = sourcecode.swift; path = SavingsDeposit.swift; sourceTree = "<group>"; };
		A00000000000000000000131 /* SavingsInterest.swift */ = {isa = PBXFileReference; lastKnownFileType = sourcecode.swift; path = SavingsInterest.swift; sourceTree = "<group>"; };
		A00000000000000000000132 /* PercentInput.swift */ = {isa = PBXFileReference; lastKnownFileType = sourcecode.swift; path = PercentInput.swift; sourceTree = "<group>"; };
		A00000000000000000000133 /* SavingsDraft.swift */ = {isa = PBXFileReference; lastKnownFileType = sourcecode.swift; path = SavingsDraft.swift; sourceTree = "<group>"; };
		A00000000000000000000134 /* AssetSummary.swift */ = {isa = PBXFileReference; lastKnownFileType = sourcecode.swift; path = AssetSummary.swift; sourceTree = "<group>"; };
		A00000000000000000000135 /* SavingsListView.swift */ = {isa = PBXFileReference; lastKnownFileType = sourcecode.swift; path = SavingsListView.swift; sourceTree = "<group>"; };
		A00000000000000000000136 /* SavingsDepositCard.swift */ = {isa = PBXFileReference; lastKnownFileType = sourcecode.swift; path = SavingsDepositCard.swift; sourceTree = "<group>"; };
		A00000000000000000000137 /* SavingsEditorView.swift */ = {isa = PBXFileReference; lastKnownFileType = sourcecode.swift; path = SavingsEditorView.swift; sourceTree = "<group>"; };
		A00000000000000000000138 /* SavingsEditorForm.swift */ = {isa = PBXFileReference; lastKnownFileType = sourcecode.swift; path = SavingsEditorForm.swift; sourceTree = "<group>"; };
		A00000000000000000000139 /* RootTabView.swift */ = {isa = PBXFileReference; lastKnownFileType = sourcecode.swift; path = RootTabView.swift; sourceTree = "<group>"; };
		A00000000000000000000140 /* SavingsInterestTests.swift */ = {isa = PBXFileReference; lastKnownFileType = sourcecode.swift; path = SavingsInterestTests.swift; sourceTree = "<group>"; };
		A00000000000000000000141 /* PercentInputTests.swift */ = {isa = PBXFileReference; lastKnownFileType = sourcecode.swift; path = PercentInputTests.swift; sourceTree = "<group>"; };
		A00000000000000000000142 /* SavingsDraftTests.swift */ = {isa = PBXFileReference; lastKnownFileType = sourcecode.swift; path = SavingsDraftTests.swift; sourceTree = "<group>"; };
		A00000000000000000000143 /* AssetSummaryTests.swift */ = {isa = PBXFileReference; lastKnownFileType = sourcecode.swift; path = AssetSummaryTests.swift; sourceTree = "<group>"; };
		A00000000000000000000144 /* SavingsDepositPersistenceTests.swift */ = {isa = PBXFileReference; lastKnownFileType = sourcecode.swift; path = SavingsDepositPersistenceTests.swift; sourceTree = "<group>"; };
		A00000000000000000000145 /* FundHoldingKind.swift */ = {isa = PBXFileReference; lastKnownFileType = sourcecode.swift; path = FundHoldingKind.swift; sourceTree = "<group>"; };
		A00000000000000000000146 /* FundHolding.swift */ = {isa = PBXFileReference; lastKnownFileType = sourcecode.swift; path = FundHolding.swift; sourceTree = "<group>"; };
		A00000000000000000000147 /* FundValuation.swift */ = {isa = PBXFileReference; lastKnownFileType = sourcecode.swift; path = FundValuation.swift; sourceTree = "<group>"; };
		A00000000000000000000148 /* UnitQuantity.swift */ = {isa = PBXFileReference; lastKnownFileType = sourcecode.swift; path = UnitQuantity.swift; sourceTree = "<group>"; };
		A00000000000000000000149 /* FundDraft.swift */ = {isa = PBXFileReference; lastKnownFileType = sourcecode.swift; path = FundDraft.swift; sourceTree = "<group>"; };
		A00000000000000000000150 /* FundSummary.swift */ = {isa = PBXFileReference; lastKnownFileType = sourcecode.swift; path = FundSummary.swift; sourceTree = "<group>"; };
		A00000000000000000000151 /* FundListView.swift */ = {isa = PBXFileReference; lastKnownFileType = sourcecode.swift; path = FundListView.swift; sourceTree = "<group>"; };
		A00000000000000000000152 /* FundHoldingCard.swift */ = {isa = PBXFileReference; lastKnownFileType = sourcecode.swift; path = FundHoldingCard.swift; sourceTree = "<group>"; };
		A00000000000000000000153 /* FundEditorView.swift */ = {isa = PBXFileReference; lastKnownFileType = sourcecode.swift; path = FundEditorView.swift; sourceTree = "<group>"; };
		A00000000000000000000154 /* FundEditorForm.swift */ = {isa = PBXFileReference; lastKnownFileType = sourcecode.swift; path = FundEditorForm.swift; sourceTree = "<group>"; };
		A00000000000000000000155 /* UnitQuantityTests.swift */ = {isa = PBXFileReference; lastKnownFileType = sourcecode.swift; path = UnitQuantityTests.swift; sourceTree = "<group>"; };
		A00000000000000000000156 /* FundValuationTests.swift */ = {isa = PBXFileReference; lastKnownFileType = sourcecode.swift; path = FundValuationTests.swift; sourceTree = "<group>"; };
		A00000000000000000000157 /* FundDraftTests.swift */ = {isa = PBXFileReference; lastKnownFileType = sourcecode.swift; path = FundDraftTests.swift; sourceTree = "<group>"; };
		A00000000000000000000158 /* FundSummaryTests.swift */ = {isa = PBXFileReference; lastKnownFileType = sourcecode.swift; path = FundSummaryTests.swift; sourceTree = "<group>"; };
		A00000000000000000000159 /* FundHoldingPersistenceTests.swift */ = {isa = PBXFileReference; lastKnownFileType = sourcecode.swift; path = FundHoldingPersistenceTests.swift; sourceTree = "<group>"; };
		A00000000000000000000160 /* TransactionKind.swift */ = {isa = PBXFileReference; lastKnownFileType = sourcecode.swift; path = TransactionKind.swift; sourceTree = "<group>"; };
		A00000000000000000000161 /* TransactionCategory.swift */ = {isa = PBXFileReference; lastKnownFileType = sourcecode.swift; path = TransactionCategory.swift; sourceTree = "<group>"; };
		A00000000000000000000162 /* MoneyTransaction.swift */ = {isa = PBXFileReference; lastKnownFileType = sourcecode.swift; path = MoneyTransaction.swift; sourceTree = "<group>"; };
		A00000000000000000000163 /* CategoryPalette.swift */ = {isa = PBXFileReference; lastKnownFileType = sourcecode.swift; path = CategoryPalette.swift; sourceTree = "<group>"; };
		A00000000000000000000164 /* TransactionPeriod.swift */ = {isa = PBXFileReference; lastKnownFileType = sourcecode.swift; path = TransactionPeriod.swift; sourceTree = "<group>"; };
		A00000000000000000000165 /* TransactionSummary.swift */ = {isa = PBXFileReference; lastKnownFileType = sourcecode.swift; path = TransactionSummary.swift; sourceTree = "<group>"; };
		A00000000000000000000166 /* TransactionPeriodTests.swift */ = {isa = PBXFileReference; lastKnownFileType = sourcecode.swift; path = TransactionPeriodTests.swift; sourceTree = "<group>"; };
		A00000000000000000000167 /* TransactionSummaryTests.swift */ = {isa = PBXFileReference; lastKnownFileType = sourcecode.swift; path = TransactionSummaryTests.swift; sourceTree = "<group>"; };
		A00000000000000000000168 /* CategoryDraft.swift */ = {isa = PBXFileReference; lastKnownFileType = sourcecode.swift; path = CategoryDraft.swift; sourceTree = "<group>"; };
		A00000000000000000000169 /* CategorySeed.swift */ = {isa = PBXFileReference; lastKnownFileType = sourcecode.swift; path = CategorySeed.swift; sourceTree = "<group>"; };
		A00000000000000000000170 /* CategoryEditorForm.swift */ = {isa = PBXFileReference; lastKnownFileType = sourcecode.swift; path = CategoryEditorForm.swift; sourceTree = "<group>"; };
		A00000000000000000000171 /* CategoryReassignView.swift */ = {isa = PBXFileReference; lastKnownFileType = sourcecode.swift; path = CategoryReassignView.swift; sourceTree = "<group>"; };
		A00000000000000000000172 /* CategoryEditorView.swift */ = {isa = PBXFileReference; lastKnownFileType = sourcecode.swift; path = CategoryEditorView.swift; sourceTree = "<group>"; };
		A00000000000000000000173 /* CategoryListView.swift */ = {isa = PBXFileReference; lastKnownFileType = sourcecode.swift; path = CategoryListView.swift; sourceTree = "<group>"; };
		A00000000000000000000174 /* CategoryDraftTests.swift */ = {isa = PBXFileReference; lastKnownFileType = sourcecode.swift; path = CategoryDraftTests.swift; sourceTree = "<group>"; };
		A00000000000000000000175 /* TransactionCategoryPersistenceTests.swift */ = {isa = PBXFileReference; lastKnownFileType = sourcecode.swift; path = TransactionCategoryPersistenceTests.swift; sourceTree = "<group>"; };
		A00000000000000000000176 /* TransactionDraft.swift */ = {isa = PBXFileReference; lastKnownFileType = sourcecode.swift; path = TransactionDraft.swift; sourceTree = "<group>"; };
		A00000000000000000000177 /* TransactionEditorForm.swift */ = {isa = PBXFileReference; lastKnownFileType = sourcecode.swift; path = TransactionEditorForm.swift; sourceTree = "<group>"; };
		A00000000000000000000178 /* TransactionEditorView.swift */ = {isa = PBXFileReference; lastKnownFileType = sourcecode.swift; path = TransactionEditorView.swift; sourceTree = "<group>"; };
		A00000000000000000000179 /* TransactionCard.swift */ = {isa = PBXFileReference; lastKnownFileType = sourcecode.swift; path = TransactionCard.swift; sourceTree = "<group>"; };
		A00000000000000000000180 /* TransactionListView.swift */ = {isa = PBXFileReference; lastKnownFileType = sourcecode.swift; path = TransactionListView.swift; sourceTree = "<group>"; };
		A00000000000000000000181 /* TransactionDraftTests.swift */ = {isa = PBXFileReference; lastKnownFileType = sourcecode.swift; path = TransactionDraftTests.swift; sourceTree = "<group>"; };
		A00000000000000000000182 /* MoneyTransactionPersistenceTests.swift */ = {isa = PBXFileReference; lastKnownFileType = sourcecode.swift; path = MoneyTransactionPersistenceTests.swift; sourceTree = "<group>"; };
		A00000000000000000000183 /* AssetAllocation.swift */ = {isa = PBXFileReference; lastKnownFileType = sourcecode.swift; path = AssetAllocation.swift; sourceTree = "<group>"; };
		A00000000000000000000184 /* AssetAllocationCard.swift */ = {isa = PBXFileReference; lastKnownFileType = sourcecode.swift; path = AssetAllocationCard.swift; sourceTree = "<group>"; };
		A00000000000000000000185 /* AssetAllocationTests.swift */ = {isa = PBXFileReference; lastKnownFileType = sourcecode.swift; path = AssetAllocationTests.swift; sourceTree = "<group>"; };
		A00000000000000000000186 /* DateField.swift */ = {isa = PBXFileReference; lastKnownFileType = sourcecode.swift; path = DateField.swift; sourceTree = "<group>"; };
		A00000000000000000000187 /* AppTheme.swift */ = {isa = PBXFileReference; lastKnownFileType = sourcecode.swift; path = AppTheme.swift; sourceTree = "<group>"; };
		A00000000000000000000188 /* AppLock.swift */ = {isa = PBXFileReference; lastKnownFileType = sourcecode.swift; path = AppLock.swift; sourceTree = "<group>"; };
		A00000000000000000000189 /* LockScreenView.swift */ = {isa = PBXFileReference; lastKnownFileType = sourcecode.swift; path = LockScreenView.swift; sourceTree = "<group>"; };
		A00000000000000000000190 /* SettingsView.swift */ = {isa = PBXFileReference; lastKnownFileType = sourcecode.swift; path = SettingsView.swift; sourceTree = "<group>"; };
		A00000000000000000000191 /* AppLockTests.swift */ = {isa = PBXFileReference; lastKnownFileType = sourcecode.swift; path = AppLockTests.swift; sourceTree = "<group>"; };
		A00000000000000000000192 /* FloatingAddButton.swift */ = {isa = PBXFileReference; lastKnownFileType = sourcecode.swift; path = FloatingAddButton.swift; sourceTree = "<group>"; };
/* End PBXFileReference section */

/* Begin PBXFrameworksBuildPhase section */
		A00000000000000000000302 /* Frameworks */ = {
			isa = PBXFrameworksBuildPhase;
			buildActionMask = 2147483647;
			files = (
			);
			runOnlyForDeploymentPostprocessing = 0;
		};
		A00000000000000000000305 /* Frameworks */ = {
			isa = PBXFrameworksBuildPhase;
			buildActionMask = 2147483647;
			files = (
			);
			runOnlyForDeploymentPostprocessing = 0;
		};
/* End PBXFrameworksBuildPhase section */

/* Begin PBXGroup section */
		A00000000000000000000010 = {
			isa = PBXGroup;
			children = (
				A00000000000000000000011 /* Config */,
				A00000000000000000000012 /* MonMon */,
				A00000000000000000000015 /* MonMonTests */,
				A00000000000000000000016 /* Products */,
			);
			sourceTree = "<group>";
		};
		A00000000000000000000011 /* Config */ = {
			isa = PBXGroup;
			children = (
				A00000000000000000000101 /* Base.xcconfig */,
				A00000000000000000000102 /* Debug.xcconfig */,
				A00000000000000000000103 /* Release.xcconfig */,
			);
			path = Config;
			sourceTree = "<group>";
		};
		A00000000000000000000024 /* Transactions */ = {
			isa = PBXGroup;
			children = (
				A00000000000000000000160 /* TransactionKind.swift */,
				A00000000000000000000161 /* TransactionCategory.swift */,
				A00000000000000000000162 /* MoneyTransaction.swift */,
				A00000000000000000000163 /* CategoryPalette.swift */,
				A00000000000000000000164 /* TransactionPeriod.swift */,
				A00000000000000000000165 /* TransactionSummary.swift */,
				A00000000000000000000168 /* CategoryDraft.swift */,
				A00000000000000000000169 /* CategorySeed.swift */,
				A00000000000000000000170 /* CategoryEditorForm.swift */,
				A00000000000000000000171 /* CategoryReassignView.swift */,
				A00000000000000000000172 /* CategoryEditorView.swift */,
				A00000000000000000000173 /* CategoryListView.swift */,
				A00000000000000000000176 /* TransactionDraft.swift */,
				A00000000000000000000177 /* TransactionEditorForm.swift */,
				A00000000000000000000178 /* TransactionEditorView.swift */,
				A00000000000000000000179 /* TransactionCard.swift */,
				A00000000000000000000180 /* TransactionListView.swift */,
			);
			path = Transactions;
			sourceTree = "<group>";
		};
		A00000000000000000000026 /* Settings */ = {
			isa = PBXGroup;
			children = (
				A00000000000000000000188 /* AppLock.swift */,
				A00000000000000000000189 /* LockScreenView.swift */,
				A00000000000000000000190 /* SettingsView.swift */,
			);
			path = Settings;
			sourceTree = "<group>";
		};
		A00000000000000000000012 /* MonMon */ = {
			isa = PBXGroup;
			children = (
				A00000000000000000000013 /* App */,
				A00000000000000000000018 /* Accounts */,
				A00000000000000000000020 /* Savings */,
				A00000000000000000000022 /* Funds */,
				A00000000000000000000019 /* Design */,
				A00000000000000000000014 /* Resources */,
				A00000000000000000000024 /* Transactions */,
				A00000000000000000000026 /* Settings */,
			);
			path = MonMon;
			sourceTree = "<group>";
		};
		A00000000000000000000013 /* App */ = {
			isa = PBXGroup;
			children = (
				A00000000000000000000110 /* MonMonApp.swift */,
				A00000000000000000000112 /* ContentView.swift */,
				A00000000000000000000139 /* RootTabView.swift */,
			);
			path = App;
			sourceTree = "<group>";
		};
		A00000000000000000000014 /* Resources */ = {
			isa = PBXGroup;
			children = (
				A00000000000000000000113 /* Assets.xcassets */,
			);
			path = Resources;
			sourceTree = "<group>";
		};
		A00000000000000000000025 /* Transactions */ = {
			isa = PBXGroup;
			children = (
				A00000000000000000000166 /* TransactionPeriodTests.swift */,
				A00000000000000000000167 /* TransactionSummaryTests.swift */,
				A00000000000000000000174 /* CategoryDraftTests.swift */,
				A00000000000000000000175 /* TransactionCategoryPersistenceTests.swift */,
				A00000000000000000000181 /* TransactionDraftTests.swift */,
				A00000000000000000000182 /* MoneyTransactionPersistenceTests.swift */,
			);
			path = Transactions;
			sourceTree = "<group>";
		};
		A00000000000000000000027 /* Settings */ = {
			isa = PBXGroup;
			children = (
				A00000000000000000000191 /* AppLockTests.swift */,
			);
			path = Settings;
			sourceTree = "<group>";
		};
		A00000000000000000000015 /* MonMonTests */ = {
			isa = PBXGroup;
			children = (
				A00000000000000000000017 /* Accounts */,
				A00000000000000000000021 /* Savings */,
				A00000000000000000000023 /* Funds */,
				A00000000000000000000025 /* Transactions */,
				A00000000000000000000027 /* Settings */,
			);
			path = MonMonTests;
			sourceTree = "<group>";
		};
		A00000000000000000000017 /* Accounts */ = {
			isa = PBXGroup;
			children = (
				A00000000000000000000118 /* AccountDraftTests.swift */,
				A00000000000000000000123 /* CashBalanceSummaryTests.swift */,
				A00000000000000000000115 /* CashAccountPersistenceTests.swift */,
				A00000000000000000000185 /* AssetAllocationTests.swift */,
			);
			path = Accounts;
			sourceTree = "<group>";
		};
		A00000000000000000000018 /* Accounts */ = {
			isa = PBXGroup;
			children = (
				A00000000000000000000129 /* AccountEditorForm.swift */,
				A00000000000000000000126 /* AccountEditorView.swift */,
				A00000000000000000000119 /* AccountDraft.swift */,
				A00000000000000000000125 /* AccountListView.swift */,
				A00000000000000000000128 /* CashAccountCard.swift */,
				A00000000000000000000124 /* CashBalanceSummary.swift */,
				A00000000000000000000117 /* CashAccount.swift */,
				A00000000000000000000116 /* CashAccountKind.swift */,
				A00000000000000000000122 /* VNDCurrency.swift */,
				A00000000000000000000183 /* AssetAllocation.swift */,
				A00000000000000000000184 /* AssetAllocationCard.swift */,
			);
			path = Accounts;
			sourceTree = "<group>";
		};
		A00000000000000000000019 /* Design */ = {
			isa = PBXGroup;
			children = (
				A00000000000000000000127 /* MonMonTheme.swift */,
				A00000000000000000000186 /* DateField.swift */,
				A00000000000000000000187 /* AppTheme.swift */,
				A00000000000000000000192 /* FloatingAddButton.swift */,
			);
			path = Design;
			sourceTree = "<group>";
		};
		A00000000000000000000016 /* Products */ = {
			isa = PBXGroup;
			children = (
				A00000000000000000000120 /* MonMon.app */,
				A00000000000000000000121 /* MonMonTests.xctest */,
			);
			name = Products;
			sourceTree = "<group>";
		};
		A00000000000000000000022 /* Funds */ = {
			isa = PBXGroup;
			children = (
				A00000000000000000000145 /* FundHoldingKind.swift */,
				A00000000000000000000146 /* FundHolding.swift */,
				A00000000000000000000147 /* FundValuation.swift */,
				A00000000000000000000148 /* UnitQuantity.swift */,
				A00000000000000000000149 /* FundDraft.swift */,
				A00000000000000000000150 /* FundSummary.swift */,
				A00000000000000000000151 /* FundListView.swift */,
				A00000000000000000000152 /* FundHoldingCard.swift */,
				A00000000000000000000153 /* FundEditorView.swift */,
				A00000000000000000000154 /* FundEditorForm.swift */,
			);
			path = Funds;
			sourceTree = "<group>";
		};
		A00000000000000000000023 /* Funds */ = {
			isa = PBXGroup;
			children = (
				A00000000000000000000155 /* UnitQuantityTests.swift */,
				A00000000000000000000156 /* FundValuationTests.swift */,
				A00000000000000000000157 /* FundDraftTests.swift */,
				A00000000000000000000158 /* FundSummaryTests.swift */,
				A00000000000000000000159 /* FundHoldingPersistenceTests.swift */,
			);
			path = Funds;
			sourceTree = "<group>";
		};
		A00000000000000000000020 /* Savings */ = {
			isa = PBXGroup;
			children = (
				A00000000000000000000130 /* SavingsDeposit.swift */,
				A00000000000000000000131 /* SavingsInterest.swift */,
				A00000000000000000000132 /* PercentInput.swift */,
				A00000000000000000000133 /* SavingsDraft.swift */,
				A00000000000000000000134 /* AssetSummary.swift */,
				A00000000000000000000135 /* SavingsListView.swift */,
				A00000000000000000000136 /* SavingsDepositCard.swift */,
				A00000000000000000000137 /* SavingsEditorView.swift */,
				A00000000000000000000138 /* SavingsEditorForm.swift */,
			);
			path = Savings;
			sourceTree = "<group>";
		};
		A00000000000000000000021 /* Savings */ = {
			isa = PBXGroup;
			children = (
				A00000000000000000000140 /* SavingsInterestTests.swift */,
				A00000000000000000000141 /* PercentInputTests.swift */,
				A00000000000000000000142 /* SavingsDraftTests.swift */,
				A00000000000000000000143 /* AssetSummaryTests.swift */,
				A00000000000000000000144 /* SavingsDepositPersistenceTests.swift */,
			);
			path = Savings;
			sourceTree = "<group>";
		};
/* End PBXGroup section */

/* Begin PBXNativeTarget section */
		A00000000000000000000001 /* MonMon */ = {
			isa = PBXNativeTarget;
			buildConfigurationList = A00000000000000000000402 /* Build configuration list for PBXNativeTarget "MonMon" */;
			buildPhases = (
				A00000000000000000000301 /* Sources */,
				A00000000000000000000302 /* Frameworks */,
				A00000000000000000000303 /* Resources */,
			);
			buildRules = (
			);
			dependencies = (
			);
			name = MonMon;
			productName = MonMon;
			productReference = A00000000000000000000120 /* MonMon.app */;
			productType = "com.apple.product-type.application";
		};
		A00000000000000000000002 /* MonMonTests */ = {
			isa = PBXNativeTarget;
			buildConfigurationList = A00000000000000000000403 /* Build configuration list for PBXNativeTarget "MonMonTests" */;
			buildPhases = (
				A00000000000000000000304 /* Sources */,
				A00000000000000000000305 /* Frameworks */,
				A00000000000000000000306 /* Resources */,
			);
			buildRules = (
			);
			dependencies = (
				A00000000000000000000601 /* PBXTargetDependency */,
			);
			name = MonMonTests;
			productName = MonMonTests;
			productReference = A00000000000000000000121 /* MonMonTests.xctest */;
			productType = "com.apple.product-type.bundle.unit-test";
		};
/* End PBXNativeTarget section */

/* Begin PBXProject section */
		A00000000000000000000003 /* Project object */ = {
			isa = PBXProject;
			attributes = {
				BuildIndependentTargetsInParallel = 1;
				LastSwiftUpdateCheck = 2660;
				LastUpgradeCheck = 2660;
				TargetAttributes = {
					A00000000000000000000001 = {
						CreatedOnToolsVersion = 26.6;
					};
					A00000000000000000000002 = {
						CreatedOnToolsVersion = 26.6;
						TestTargetID = A00000000000000000000001;
					};
				};
			};
			buildConfigurationList = A00000000000000000000401 /* Build configuration list for PBXProject "MonMon" */;
			compatibilityVersion = "Xcode 14.0";
			developmentRegion = en;
			hasScannedForEncodings = 0;
			knownRegions = (
				en,
				Base,
			);
			mainGroup = A00000000000000000000010;
			productRefGroup = A00000000000000000000016 /* Products */;
			projectDirPath = "";
			projectRoot = "";
			targets = (
				A00000000000000000000001 /* MonMon */,
				A00000000000000000000002 /* MonMonTests */,
			);
		};
/* End PBXProject section */

/* Begin PBXResourcesBuildPhase section */
		A00000000000000000000303 /* Resources */ = {
			isa = PBXResourcesBuildPhase;
			buildActionMask = 2147483647;
			files = (
				A00000000000000000000204 /* Assets.xcassets in Resources */,
			);
			runOnlyForDeploymentPostprocessing = 0;
		};
		A00000000000000000000306 /* Resources */ = {
			isa = PBXResourcesBuildPhase;
			buildActionMask = 2147483647;
			files = (
			);
			runOnlyForDeploymentPostprocessing = 0;
		};
/* End PBXResourcesBuildPhase section */

/* Begin PBXSourcesBuildPhase section */
		A00000000000000000000301 /* Sources */ = {
			isa = PBXSourcesBuildPhase;
			buildActionMask = 2147483647;
			files = (
				A00000000000000000000281 /* FloatingAddButton.swift in Sources */,
				A00000000000000000000279 /* SettingsView.swift in Sources */,
				A00000000000000000000278 /* LockScreenView.swift in Sources */,
				A00000000000000000000277 /* AppLock.swift in Sources */,
				A00000000000000000000276 /* AppTheme.swift in Sources */,
				A00000000000000000000275 /* DateField.swift in Sources */,
				A00000000000000000000273 /* AssetAllocationCard.swift in Sources */,
				A00000000000000000000272 /* AssetAllocation.swift in Sources */,
				A00000000000000000000269 /* TransactionListView.swift in Sources */,
				A00000000000000000000268 /* TransactionCard.swift in Sources */,
				A00000000000000000000267 /* TransactionEditorView.swift in Sources */,
				A00000000000000000000266 /* TransactionEditorForm.swift in Sources */,
				A00000000000000000000265 /* TransactionDraft.swift in Sources */,
				A00000000000000000000262 /* CategoryListView.swift in Sources */,
				A00000000000000000000261 /* CategoryEditorView.swift in Sources */,
				A00000000000000000000260 /* CategoryReassignView.swift in Sources */,
				A00000000000000000000259 /* CategoryEditorForm.swift in Sources */,
				A00000000000000000000258 /* CategorySeed.swift in Sources */,
				A00000000000000000000257 /* CategoryDraft.swift in Sources */,
				A00000000000000000000254 /* TransactionSummary.swift in Sources */,
				A00000000000000000000253 /* TransactionPeriod.swift in Sources */,
				A00000000000000000000252 /* CategoryPalette.swift in Sources */,
				A00000000000000000000251 /* MoneyTransaction.swift in Sources */,
				A00000000000000000000250 /* TransactionCategory.swift in Sources */,
				A00000000000000000000249 /* TransactionKind.swift in Sources */,
				A00000000000000000000218 /* AccountEditorForm.swift in Sources */,
				A00000000000000000000215 /* AccountEditorView.swift in Sources */,
				A00000000000000000000210 /* AccountDraft.swift in Sources */,
				A00000000000000000000214 /* AccountListView.swift in Sources */,
				A00000000000000000000213 /* CashBalanceSummary.swift in Sources */,
				A00000000000000000000208 /* CashAccount.swift in Sources */,
				A00000000000000000000217 /* CashAccountCard.swift in Sources */,
				A00000000000000000000207 /* CashAccountKind.swift in Sources */,
				A00000000000000000000203 /* ContentView.swift in Sources */,
				A00000000000000000000201 /* MonMonApp.swift in Sources */,
				A00000000000000000000216 /* MonMonTheme.swift in Sources */,
				A00000000000000000000211 /* VNDCurrency.swift in Sources */,
				A00000000000000000000219 /* SavingsDeposit.swift in Sources */,
				A00000000000000000000220 /* SavingsInterest.swift in Sources */,
				A00000000000000000000221 /* PercentInput.swift in Sources */,
				A00000000000000000000222 /* SavingsDraft.swift in Sources */,
				A00000000000000000000223 /* AssetSummary.swift in Sources */,
				A00000000000000000000224 /* SavingsListView.swift in Sources */,
				A00000000000000000000225 /* SavingsDepositCard.swift in Sources */,
				A00000000000000000000226 /* SavingsEditorView.swift in Sources */,
				A00000000000000000000227 /* SavingsEditorForm.swift in Sources */,
				A00000000000000000000228 /* RootTabView.swift in Sources */,
				A00000000000000000000234 /* FundHoldingKind.swift in Sources */,
				A00000000000000000000235 /* FundHolding.swift in Sources */,
				A00000000000000000000236 /* FundValuation.swift in Sources */,
				A00000000000000000000237 /* UnitQuantity.swift in Sources */,
				A00000000000000000000238 /* FundDraft.swift in Sources */,
				A00000000000000000000239 /* FundSummary.swift in Sources */,
				A00000000000000000000240 /* FundListView.swift in Sources */,
				A00000000000000000000241 /* FundHoldingCard.swift in Sources */,
				A00000000000000000000242 /* FundEditorView.swift in Sources */,
				A00000000000000000000243 /* FundEditorForm.swift in Sources */,
			);
			runOnlyForDeploymentPostprocessing = 0;
		};
		A00000000000000000000304 /* Sources */ = {
			isa = PBXSourcesBuildPhase;
			buildActionMask = 2147483647;
			files = (
				A00000000000000000000280 /* AppLockTests.swift in Sources */,
				A00000000000000000000274 /* AssetAllocationTests.swift in Sources */,
				A00000000000000000000271 /* MoneyTransactionPersistenceTests.swift in Sources */,
				A00000000000000000000270 /* TransactionDraftTests.swift in Sources */,
				A00000000000000000000264 /* TransactionCategoryPersistenceTests.swift in Sources */,
				A00000000000000000000263 /* CategoryDraftTests.swift in Sources */,
				A00000000000000000000256 /* TransactionSummaryTests.swift in Sources */,
				A00000000000000000000255 /* TransactionPeriodTests.swift in Sources */,
				A00000000000000000000209 /* AccountDraftTests.swift in Sources */,
				A00000000000000000000212 /* CashBalanceSummaryTests.swift in Sources */,
				A00000000000000000000206 /* CashAccountPersistenceTests.swift in Sources */,
				A00000000000000000000229 /* SavingsInterestTests.swift in Sources */,
				A00000000000000000000230 /* PercentInputTests.swift in Sources */,
				A00000000000000000000231 /* SavingsDraftTests.swift in Sources */,
				A00000000000000000000232 /* AssetSummaryTests.swift in Sources */,
				A00000000000000000000233 /* SavingsDepositPersistenceTests.swift in Sources */,
				A00000000000000000000244 /* UnitQuantityTests.swift in Sources */,
				A00000000000000000000245 /* FundValuationTests.swift in Sources */,
				A00000000000000000000246 /* FundDraftTests.swift in Sources */,
				A00000000000000000000247 /* FundSummaryTests.swift in Sources */,
				A00000000000000000000248 /* FundHoldingPersistenceTests.swift in Sources */,
			);
			runOnlyForDeploymentPostprocessing = 0;
		};
/* End PBXSourcesBuildPhase section */

/* Begin PBXTargetDependency section */
		A00000000000000000000601 /* PBXTargetDependency */ = {
			isa = PBXTargetDependency;
			target = A00000000000000000000001 /* MonMon */;
			targetProxy = A00000000000000000000602 /* PBXContainerItemProxy */;
		};
/* End PBXTargetDependency section */

/* Begin XCBuildConfiguration section */
		A00000000000000000000501 /* Debug */ = {
			isa = XCBuildConfiguration;
			baseConfigurationReference = A00000000000000000000102 /* Debug.xcconfig */;
			buildSettings = {
			};
			name = Debug;
		};
		A00000000000000000000502 /* Release */ = {
			isa = XCBuildConfiguration;
			baseConfigurationReference = A00000000000000000000103 /* Release.xcconfig */;
			buildSettings = {
			};
			name = Release;
		};
		A00000000000000000000503 /* Debug */ = {
			isa = XCBuildConfiguration;
			buildSettings = {
				LD_RUNPATH_SEARCH_PATHS = (
					"$(inherited)",
					"@executable_path/../Frameworks",
				);
				PRODUCT_BUNDLE_IDENTIFIER = com.sonlv.monmon;
				PRODUCT_NAME = MonMon;
			};
			name = Debug;
		};
		A00000000000000000000504 /* Release */ = {
			isa = XCBuildConfiguration;
			buildSettings = {
				LD_RUNPATH_SEARCH_PATHS = (
					"$(inherited)",
					"@executable_path/../Frameworks",
				);
				PRODUCT_BUNDLE_IDENTIFIER = com.sonlv.monmon;
				PRODUCT_NAME = MonMon;
			};
			name = Release;
		};
		A00000000000000000000505 /* Debug */ = {
			isa = XCBuildConfiguration;
			buildSettings = {
				BUNDLE_LOADER = "$(TEST_HOST)";
				LD_RUNPATH_SEARCH_PATHS = (
					"$(inherited)",
					"@executable_path/../Frameworks",
					"@loader_path/../Frameworks",
				);
				PRODUCT_BUNDLE_IDENTIFIER = com.sonlv.monmon.tests;
				PRODUCT_NAME = MonMonTests;
				TEST_HOST = "$(BUILT_PRODUCTS_DIR)/MonMon.app/$(BUNDLE_EXECUTABLE_FOLDER_PATH)/MonMon";
			};
			name = Debug;
		};
		A00000000000000000000506 /* Release */ = {
			isa = XCBuildConfiguration;
			buildSettings = {
				BUNDLE_LOADER = "$(TEST_HOST)";
				LD_RUNPATH_SEARCH_PATHS = (
					"$(inherited)",
					"@executable_path/../Frameworks",
					"@loader_path/../Frameworks",
				);
				PRODUCT_BUNDLE_IDENTIFIER = com.sonlv.monmon.tests;
				PRODUCT_NAME = MonMonTests;
				TEST_HOST = "$(BUILT_PRODUCTS_DIR)/MonMon.app/$(BUNDLE_EXECUTABLE_FOLDER_PATH)/MonMon";
			};
			name = Release;
		};
/* End XCBuildConfiguration section */

/* Begin XCConfigurationList section */
		A00000000000000000000401 /* Build configuration list for PBXProject "MonMon" */ = {
			isa = XCConfigurationList;
			buildConfigurations = (
				A00000000000000000000501 /* Debug */,
				A00000000000000000000502 /* Release */,
			);
			defaultConfigurationIsVisible = 0;
			defaultConfigurationName = Release;
		};
		A00000000000000000000402 /* Build configuration list for PBXNativeTarget "MonMon" */ = {
			isa = XCConfigurationList;
			buildConfigurations = (
				A00000000000000000000503 /* Debug */,
				A00000000000000000000504 /* Release */,
			);
			defaultConfigurationIsVisible = 0;
			defaultConfigurationName = Release;
		};
		A00000000000000000000403 /* Build configuration list for PBXNativeTarget "MonMonTests" */ = {
			isa = XCConfigurationList;
			buildConfigurations = (
				A00000000000000000000505 /* Debug */,
				A00000000000000000000506 /* Release */,
			);
			defaultConfigurationIsVisible = 0;
			defaultConfigurationName = Release;
		};
/* End XCConfigurationList section */
	};
	rootObject = A00000000000000000000003 /* Project object */;
}
